
Microsoft Visual Studio Solution File, Format Version 12.00
# Visual Studio Version 16
VisualStudioVersion = 16.0.31321.278
MinimumVisualStudioVersion = 10.0.40219.1
Project("{FAE04EC0-301F-11D3-BF4B-00C04F79EFBC}") = "MyGTAVMods", "LBTGTAVMods\LBTGTAVMods.csproj", "{537B9544-2C38-4FE6-9589-8BE3F31717D2}"
EndProject
Global
	GlobalSection(SolutionConfigurationPlatforms) = preSolution
		Debug|Any CPU = Debug|Any CPU
		Release|Any CPU = Release|Any CPU
	EndGlobalSection
	GlobalSection(ProjectConfigurationPlatforms) = postSolution
		{537B9544-2C38-4FE6-9589-8BE3F31717D2}.Debug|Any CPU.ActiveCfg = Debug|Any CPU
		{537B9544-2C38-4FE6-9589-8BE3F31717D2}.Debug|Any CPU.Build.0 = Debug|Any CPU
		{537B9544-2C38-4FE6-9589-8BE3F31717D2}.Release|Any CPU.ActiveCfg = Release|Any CPU
		{537B9544-2C38-4FE6-9589-8BE3F31717D2}.Release|Any CPU.Build.0 = Release|Any CPU
	EndGlobalSection
	GlobalSection(SolutionProperties) = preSolution
		HideSolutionNode = FALSE
	EndGlobalSection
	GlobalSection(ExtensibilityGlobals) = postSolution
		SolutionGuid = {A3EB5FD3-65D3-4289-A6B8-3A8607FAE8B2}
	EndGlobalSection
EndGlobal
